// !$*UTF8*$!
{
	archiveVersion = 1;
	classes = {
	};
	objectVersion = 46;
	objects = {

/* Begin PBXBuildFile section */
		16962D281B37B2B9006EA00C /* AppDelegate.swift in Sources */ = {isa = PBXBuildFile; fileRef = 16962D271B37B2B9006EA00C /* AppDelegate.swift */; };
		16962D2A1B37B2B9006EA00C /* FirstViewController.swift in Sources */ = {isa = PBXBuildFile; fileRef = 16962D291B37B2B9006EA00C /* FirstViewController.swift */; };
		16962D2C1B37B2B9006EA00C /* SecondViewController.swift in Sources */ = {isa = PBXBuildFile; fileRef = 16962D2B1B37B2B9006EA00C /* SecondViewController.swift */; };
		16962D2F1B37B2B9006EA00C /* Main.storyboard in Resources */ = {isa = PBXBuildFile; fileRef = 16962D2D1B37B2B9006EA00C /* Main.storyboard */; };
		16962D311B37B2B9006EA00C /* Images.xcassets in Resources */ = {isa = PBXBuildFile; fileRef = 16962D301B37B2B9006EA00C /* Images.xcassets */; };
		16962D341B37B2B9006EA00C /* LaunchScreen.xib in Resources */ = {isa = PBXBuildFile; fileRef = 16962D321B37B2B9006EA00C /* LaunchScreen.xib */; };
		16962D401B37B2B9006EA00C /* MyLocationTests.swift in Sources */ = {isa = PBXBuildFile; fileRef = 16962D3F1B37B2B9006EA00C /* MyLocationTests.swift */; };
/* End PBXBuildFile section */

/* Begin PBXContainerItemProxy section */
		16962D3A1B37B2B9006EA00C /* PBXContainerItemProxy */ = {
			isa = PBXContainerItemProxy;
			containerPortal = 16962D1A1B37B2B9006EA00C /* Project object */;
			proxyType = 1;
			remoteGlobalIDString = 16962D211B37B2B9006EA00C;
			remoteInfo = MyLocation;
		};
/* End PBXContainerItemProxy section */

/* Begin PBXFileReference section */
		16962D221B37B2B9006EA00C /* MyLocation.app */ = {isa = PBXFileReference; explicitFileType = wrapper.application; includeInIndex = 0; path = MyLocation.app; sourceTree = BUILT_PRODUCTS_DIR; };
		16962D261B37B2B9006EA00C /* Info.plist */ = {isa = PBXFileReference; lastKnownFileType = text.plist.xml; path = Info.plist; sourceTree = "<group>"; };
		16962D271B37B2B9006EA00C /* AppDelegate.swift */ = {isa = PBXFileReference; lastKnownFileType = sourcecode.swift; path = AppDelegate.swift; sourceTree = "<group>"; };
		16962D291B37B2B9006EA00C /* FirstViewController.swift */ = {isa = PBXFileReference; lastKnownFileType = sourcecode.swift; path = FirstViewController.swift; sourceTree = "<group>"; };
		16962D2B1B37B2B9006EA00C /* SecondViewController.swift */ = {isa = PBXFileReference; lastKnownFileType = sourcecode.swift; path = SecondViewController.swift; sourceTree = "<group>"; };
		16962D2E1B37B2B9006EA00C /* Base */ = {isa = PBXFileReference; lastKnownFileType = file.storyboard; name = Base; path = Base.lproj/Main.storyboard; sourceTree = "<group>"; };
		16962D301B37B2B9006EA00C /* Images.xcassets */ = {isa = PBXFileReference; lastKnownFileType = folder.assetcatalog; path = Images.xcassets; sourceTree = "<group>"; };
		16962D331B37B2B9006EA00C /* Base */ = {isa = PBXFileReference; lastKnownFileType = file.xib; name = Base; path = Base.lproj/LaunchScreen.xib; sourceTree = "<group>"; };
		16962D391B37B2B9006EA00C /* MyLocationTests.xctest */ = {isa = PBXFileReference; explicitFileType = wrapper.cfbundle; includeInIndex = 0; path = MyLocationTests.xctest; sourceTree = BUILT_PRODUCTS_DIR; };
		16962D3E1B37B2B9006EA00C /* Info.plist */ = {isa = PBXFileReference; lastKnownFileType = text.plist.xml; path = Info.plist; sourceTree = "<group>"; };
		16962D3F1B37B2B9006EA00C /* MyLocationTests.swift */ = {isa = PBXFileReference; lastKnownFileType = sourcecode.swift; path = MyLocationTests.swift; sourceTree = "<group>"; };
/* End PBXFileReference section */

/* Begin PBXFrameworksBuildPhase section */
		16962D1F1B37B2B9006EA00C /* Frameworks */ = {
			isa = PBXFrameworksBuildPhase;
			buildActionMask = 2147483647;
			files = (
			);
			runOnlyForDeploymentPostprocessing = 0;
		};
		16962D361B37B2B9006EA00C /* Frameworks */ = {
			isa = PBXFrameworksBuildPhase;
			buildActionMask = 2147483647;
			files = (
			);
			runOnlyForDeploymentPostprocessing = 0;
		};
/* End PBXFrameworksBuildPhase section */

/* Begin PBXGroup section */
		16962D191B37B2B9006EA00C = {
			isa = PBXGroup;
			children = (
				16962D241B37B2B9006EA00C /* MyLocation */,
				16962D3C1B37B2B9006EA00C /* MyLocationTests */,
				16962D231B37B2B9006EA00C /* Products */,
			);
			sourceTree = "<group>";
		};
		16962D231B37B2B9006EA00C /* Products */ = {
			isa = PBXGroup;
			children = (
				16962D221B37B2B9006EA00C /* MyLocation.app */,
				16962D391B37B2B9006EA00C /* MyLocationTests.xctest */,
			);
			name = Products;
			sourceTree = "<group>";
		};
		16962D241B37B2B9006EA00C /* MyLocation */ = {
			isa = PBXGroup;
			children = (
				16962D271B37B2B9006EA00C /* AppDelegate.swift */,
				16962D291B37B2B9006EA00C /* FirstViewController.swift */,
				16962D2B1B37B2B9006EA00C /* SecondViewController.swift */,
				16962D2D1B37B2B9006EA00C /* Main.storyboard */,
				16962D301B37B2B9006EA00C /* Images.xcassets */,
				16962D321B37B2B9006EA00C /* LaunchScreen.xib */,
				16962D251B37B2B9006EA00C /* Supporting Files */,
			);
			path = MyLocation;
			sourceTree = "<group>";
		};
		16962D251B37B2B9006EA00C /* Supporting Files */ = {
			isa = PBXGroup;
			children = (
				16962D261B37B2B9006EA00C /* Info.plist */,
			);
			name = "Supporting Files";
			sourceTree = "<group>";
		};
		16962D3C1B37B2B9006EA00C /* MyLocationTests */ = {
			isa = PBXGroup;
			children = (
				16962D3F1B37B2B9006EA00C /* MyLocationTests.swift */,
				16962D3D1B37B2B9006EA00C /* Supporting Files */,
			);
			path = MyLocationTests;
			sourceTree = "<group>";
		};
		16962D3D1B37B2B9006EA00C /* Supporting Files */ = {
			isa = PBXGroup;
			children = (
				16962D3E1B37B2B9006EA00C /* Info.plist */,
			);
			name = "Supporting Files";
			sourceTree = "<group>";
		};
/* End PBXGroup section */

/* Begin PBXNativeTarget section */
		16962D211B37B2B9006EA00C /* MyLocation */ = {
			isa = PBXNativeTarget;
			buildConfigurationList = 16962D431B37B2B9006EA00C /* Build configuration list for PBXNativeTarget "MyLocation" */;
			buildPhases = (
				16962D1E1B37B2B9006EA00C /* Sources */,
				16962D1F1B37B2B9006EA00C /* Frameworks */,
				16962D201B37B2B9006EA00C /* Resources */,
			);
			buildRules = (
			);
			dependencies = (
			);
			name = MyLocation;
			productName = MyLocation;
			productReference = 16962D221B37B2B9006EA00C /* MyLocation.app */;
			productType = "com.apple.product-type.application";
		};
		16962D381B37B2B9006EA00C /* MyLocationTests */ = {
			isa = PBXNativeTarget;
			buildConfigurationList = 16962D461B37B2B9006EA00C /* Build configuration list for PBXNativeTarget "MyLocationTests" */;
			buildPhases = (
				16962D351B37B2B9006EA00C /* Sources */,
				16962D361B37B2B9006EA00C /* Frameworks */,
				16962D371B37B2B9006EA00C /* Resources */,
			);
			buildRules = (
			);
			dependencies = (
				16962D3B1B37B2B9006EA00C /* PBXTargetDependency */,
			);
			name = MyLocationTests;
			productName = MyLocationTests;
			productReference = 16962D391B37B2B9006EA00C /* MyLocationTests.xctest */;
			productType = "com.apple.product-type.bundle.unit-test";
		};
/* End PBXNativeTarget section */

/* Begin PBXProject section */
		16962D1A1B37B2B9006EA00C /* Project object */ = {
			isa = PBXProject;
			attributes = {
				LastUpgradeCheck = 0630;
				ORGANIZATIONNAME = thienle;
				TargetAttributes = {
					16962D211B37B2B9006EA00C = {
						CreatedOnToolsVersion = 6.3;
					};
					16962D381B37B2B9006EA00C = {
						CreatedOnToolsVersion = 6.3;
						TestTargetID = 16962D211B37B2B9006EA00C;
					};
				};
			};
			buildConfigurationList = 16962D1D1B37B2B9006EA00C /* Build configuration list for PBXProject "MyLocation" */;
			compatibilityVersion = "Xcode 3.2";
			developmentRegion = English;
			hasScannedForEncodings = 0;
			knownRegions = (
				en,
				Base,
			);
			mainGroup = 16962D191B37B2B9006EA00C;
			productRefGroup = 16962D231B37B2B9006EA00C /* Products */;
			projectDirPath = "";
			projectRoot = "";
			targets = (
				16962D211B37B2B9006EA00C /* MyLocation */,
				16962D381B37B2B9006EA00C /* MyLocationTests */,
			);
		};
/* End PBXProject section */

/* Begin PBXResourcesBuildPhase section */
		16962D201B37B2B9006EA00C /* Resources */ = {
			isa = PBXResourcesBuildPhase;
			buildActionMask = 2147483647;
			files = (
				16962D2F1B37B2B9006EA00C /* Main.storyboard in Resources */,
				16962D341B37B2B9006EA00C /* LaunchScreen.xib in Resources */,
				16962D311B37B2B9006EA00C /* Images.xcassets in Resources */,
			);
			runOnlyForDeploymentPostprocessing = 0;
		};
		16962D371B37B2B9006EA00C /* Resources */ = {
			isa = PBXResourcesBuildPhase;
			buildActionMask = 2147483647;
			files = (
			);
			runOnlyForDeploymentPostprocessing = 0;
		};
/* End PBXResourcesBuildPhase section */

/* Begin PBXSourcesBuildPhase section */
		16962D1E1B37B2B9006EA00C /* Sources */ = {
			isa = PBXSourcesBuildPhase;
			buildActionMask = 2147483647;
			files = (
				16962D2C1B37B2B9006EA00C /* SecondViewController.swift in Sources */,
				16962D281B37B2B9006EA00C /* AppDelegate.swift in Sources */,
				16962D2A1B37B2B9006EA00C /* FirstViewController.swift in Sources */,
			);
			runOnlyForDeploymentPostprocessing = 0;
		};
		16962D351B37B2B9006EA00C /* Sources */ = {
			isa = PBXSourcesBuildPhase;
			buildActionMask = 2147483647;
			files = (
				16962D401B37B2B9006EA00C /* MyLocationTests.swift in Sources */,
			);
			runOnlyForDeploymentPostprocessing = 0;
		};
/* End PBXSourcesBuildPhase section */

/* Begin PBXTargetDependency section */
		16962D3B1B37B2B9006EA00C /* PBXTargetDependency */ = {
			isa = PBXTargetDependency;
			target = 16962D211B37B2B9006EA00C /* MyLocation */;
			targetProxy = 16962D3A1B37B2B9006EA00C /* PBXContainerItemProxy */;
		};
/* End PBXTargetDependency section */

/* Begin PBXVariantGroup section */
		16962D2D1B37B2B9006EA00C /* Main.storyboard */ = {
			isa = PBXVariantGroup;
			children = (
				16962D2E1B37B2B9006EA00C /* Base */,
			);
			name = Main.storyboard;
			sourceTree = "<group>";
		};
		16962D321B37B2B9006EA00C /* LaunchScreen.xib */ = {
			isa = PBXVariantGroup;
			children = (
				16962D331B37B2B9006EA00C /* Base */,
			);
			name = LaunchScreen.xib;
			sourceTree = "<group>";
		};
/* End PBXVariantGroup section */

/* Begin XCBuildConfiguration section */
		16962D411B37B2B9006EA00C /* Debug */ = {
			isa = XCBuildConfiguration;
			buildSettings = {
				ALWAYS_SEARCH_USER_PATHS = NO;
				CLANG_CXX_LANGUAGE_STANDARD = "gnu++0x";
				CLANG_CXX_LIBRARY = "libc++";
				CLANG_ENABLE_MODULES = YES;
				CLANG_ENABLE_OBJC_ARC = YES;
				CLANG_WARN_BOOL_CONVERSION = YES;
				CLANG_WARN_CONSTANT_CONVERSION = YES;
				CLANG_WARN_DIRECT_OBJC_ISA_USAGE = YES_ERROR;
				CLANG_WARN_EMPTY_BODY = YES;
				CLANG_WARN_ENUM_CONVERSION = YES;
				CLANG_WARN_INT_CONVERSION = YES;
				CLANG_WARN_OBJC_ROOT_CLASS = YES_ERROR;
				CLANG_WARN_UNREACHABLE_CODE = YES;
				CLANG_WARN__DUPLICATE_METHOD_MATCH = YES;
				"CODE_SIGN_IDENTITY[sdk=iphoneos*]" = "iPhone Developer";
				COPY_PHASE_STRIP = NO;
				DEBUG_INFORMATION_FORMAT = "dwarf-with-dsym";
				ENABLE_STRICT_OBJC_MSGSEND = YES;
				GCC_C_LANGUAGE_STANDARD = gnu99;
				GCC_DYNAMIC_NO_PIC = NO;
				GCC_NO_COMMON_BLOCKS = YES;
				GCC_OPTIMIZATION_LEVEL = 0;
				GCC_PREPROCESSOR_DEFINITIONS = (
					"DEBUG=1",
					"$(inherited)",
				);
				GCC_SYMBOLS_PRIVATE_EXTERN = NO;
				GCC_WARN_64_TO_32_BIT_CONVERSION = YES;
				GCC_WARN_ABOUT_RETURN_TYPE = YES_ERROR;
				GCC_WARN_UNDECLARED_SELECTOR = YES;
				GCC_WARN_UNINITIALIZED_AUTOS = YES_AGGRESSIVE;
				GCC_WARN_UNUSED_FUNCTION = YES;
				GCC_WARN_UNUSED_VARIABLE = YES;
				IPHONEOS_DEPLOYMENT_TARGET = 8.3;
				MTL_ENABLE_DEBUG_INFO = YES;
				ONLY_ACTIVE_ARCH = YES;
				SDKROOT = iphoneos;
				SWIFT_OPTIMIZATION_LEVEL = "-Onone";
			};
			name = Debug;
		};
		16962D421B37B2B9006EA00C /* Release */ = {
			isa = XCBuildConfiguration;
			buildSettings = {
				ALWAYS_SEARCH_USER_PATHS = NO;
				CLANG_CXX_LANGUAGE_STANDARD = "gnu++0x";
				CLANG_CXX_LIBRARY = "libc++";
				CLANG_ENABLE_MODULES = YES;
				CLANG_ENABLE_OBJC_ARC = YES;
				CLANG_WARN_BOOL_CONVERSION = YES;
				CLANG_WARN_CONSTANT_CONVERSION = YES;
				CLANG_WARN_DIRECT_OBJC_ISA_USAGE = YES_ERROR;
				CLANG_WARN_EMPTY_BODY = YES;
				CLANG_WARN_ENUM_CONVERSION = YES;
				CLANG_WARN_INT_CONVERSION = YES;
				CLANG_WARN_OBJC_ROOT_CLASS = YES_ERROR;
				CLANG_WARN_UNREACHABLE_CODE = YES;
				CLANG_WARN__DUPLICATE_METHOD_MATCH = YES;
				"CODE_SIGN_IDENTITY[sdk=iphoneos*]" = "iPhone Developer";
				COPY_PHASE_STRIP = NO;
				DEBUG_INFORMATION_FORMAT = "dwarf-with-dsym";
				ENABLE_NS_ASSERTIONS = NO;
				ENABLE_STRICT_OBJC_MSGSEND = YES;
				GCC_C_LANGUAGE_STANDARD = gnu99;
				GCC_NO_COMMON_BLOCKS = YES;
				GCC_WARN_64_TO_32_BIT_CONVERSION = YES;
				GCC_WARN_ABOUT_RETURN_TYPE = YES_ERROR;
				GCC_WARN_UNDECLARED_SELECTOR = YES;
				GCC_WARN_UNINITIALIZED_AUTOS = YES_AGGRESSIVE;
				GCC_WARN_UNUSED_FUNCTION = YES;
				GCC_WARN_UNUSED_VARIABLE = YES;
				IPHONEOS_DEPLOYMENT_TARGET = 8.3;
				MTL_ENABLE_DEBUG_INFO = NO;
				SDKROOT = iphoneos;
				VALIDATE_PRODUCT = YES;
			};
			name = Release;
		};
		16962D441B37B2B9006EA00C /* Debug */ = {
			isa = XCBuildConfiguration;
			buildSettings = {
				ASSETCATALOG_COMPILER_APPICON_NAME = AppIcon;
				INFOPLIST_FILE = MyLocation/Info.plist;
				LD_RUNPATH_SEARCH_PATHS = "$(inherited) @executable_path/Frameworks";
				PRODUCT_NAME = "$(TARGET_NAME)";
			};
			name = Debug;
		};
		16962D451B37B2B9006EA00C /* Release */ = {
			isa = XCBuildConfiguration;
			buildSettings = {
				ASSETCATALOG_COMPILER_APPICON_NAME = AppIcon;
				INFOPLIST_FILE = MyLocation/Info.plist;
				LD_RUNPATH_SEARCH_PATHS = "$(inherited) @executable_path/Frameworks";
				PRODUCT_NAME = "$(TARGET_NAME)";
			};
			name = Release;
		};
		16962D471B37B2B9006EA00C /* Debug */ = {
			isa = XCBuildConfiguration;
			buildSettings = {
				BUNDLE_LOADER = "$(TEST_HOST)";
				FRAMEWORK_SEARCH_PATHS = (
					"$(SDKROOT)/Developer/Library/Frameworks",
					"$(inherited)",
				);
				GCC_PREPROCESSOR_DEFINITIONS = (
					"DEBUG=1",
					"$(inherited)",
				);
				INFOPLIST_FILE = MyLocationTests/Info.plist;
				LD_RUNPATH_SEARCH_PATHS = "$(inherited) @executable_path/Frameworks @loader_path/Frameworks";
				PRODUCT_NAME = "$(TARGET_NAME)";
				TEST_HOST = "$(BUILT_PRODUCTS_DIR)/MyLocation.app/MyLocation";
			};
			name = Debug;
		};
		16962D481B37B2B9006EA00C /* Release */ = {
			isa = XCBuildConfiguration;
			buildSettings = {
				BUNDLE_LOADER = "$(TEST_HOST)";
				FRAMEWORK_SEARCH_PATHS = (
					"$(SDKROOT)/Developer/Library/Frameworks",
					"$(inherited)",
				);
				INFOPLIST_FILE = MyLocationTests/Info.plist;
				LD_RUNPATH_SEARCH_PATHS = "$(inherited) @executable_path/Frameworks @loader_path/Frameworks";
				PRODUCT_NAME = "$(TARGET_NAME)";
				TEST_HOST = "$(BUILT_PRODUCTS_DIR)/MyLocation.app/MyLocation";
			};
			name = Release;
		};
/* End XCBuildConfiguration section */

/* Begin XCConfigurationList section */
		16962D1D1B37B2B9006EA00C /* Build configuration list for PBXProject "MyLocation" */ = {
			isa = XCConfigurationList;
			buildConfigurations = (
				16962D411B37B2B9006EA00C /* Debug */,
				16962D421B37B2B9006EA00C /* Release */,
			);
			defaultConfigurationIsVisible = 0;
			defaultConfigurationName = Release;
		};
		16962D431B37B2B9006EA00C /* Build configuration list for PBXNativeTarget "MyLocation" */ = {
			isa = XCConfigurationList;
			buildConfigurations = (
				16962D441B37B2B9006EA00C /* Debug */,
				16962D451B37B2B9006EA00C /* Release */,
			);
			defaultConfigurationIsVisible = 0;
		};
		16962D461B37B2B9006EA00C /* Build configuration list for PBXNativeTarget "MyLocationTests" */ = {
			isa = XCConfigurationList;
			buildConfigurations = (
				16962D471B37B2B9006EA00C /* Debug */,
				16962D481B37B2B9006EA00C /* Release */,
			);
			defaultConfigurationIsVisible = 0;
		};
/* End XCConfigurationList section */
	};
	rootObject = 16962D1A1B37B2B9006EA00C /* Project object */;
}
